
Microsoft Visual Studio Solution File, Format Version 12.00
# Visual Studio Version 17
VisualStudioVersion = 17.2.32516.85
MinimumVisualStudioVersion = 10.0.40219.1
Project("{FAE04EC0-301F-11D3-BF4B-00C04F79EFBC}") = "Guessing Game(numbers_consola)", "Guessing Game(numbers_consola)\Guessing Game(numbers_consola).csproj", "{60C56A29-82A7-41A7-A3E1-B61E5D95E9A1}"
EndProject
Global
	GlobalSection(SolutionConfigurationPlatforms) = preSolution
		Debug|Any CPU = Debug|Any CPU
		Release|Any CPU = Release|Any CPU
	EndGlobalSection
	GlobalSection(ProjectConfigurationPlatforms) = postSolution
		{60C56A29-82A7-41A7-A3E1-B61E5D95E9A1}.Debug|Any CPU.ActiveCfg = Debug|Any CPU
		{60C56A29-82A7-41A7-A3E1-B61E5D95E9A1}.Debug|Any CPU.Build.0 = Debug|Any CPU
		{60C56A29-82A7-41A7-A3E1-B61E5D95E9A1}.Release|Any CPU.ActiveCfg = Release|Any CPU
		{60C56A29-82A7-41A7-A3E1-B61E5D95E9A1}.Release|Any CPU.Build.0 = Release|Any CPU
	EndGlobalSection
	GlobalSection(SolutionProperties) = preSolution
		HideSolutionNode = FALSE
	EndGlobalSection
	GlobalSection(ExtensibilityGlobals) = postSolution
		SolutionGuid = {FC90781A-66BD-452A-8072-F3169CB3093E}
	EndGlobalSection
EndGlobal
